// !$*UTF8*$!
{
	archiveVersion = 1;
	classes = {
	};
	objectVersion = 77;
	objects = {

/* Begin PBXBuildFile section */
		F773EC3F2EA28EB600782D69 /* AlarmKit.framework in Frameworks */ = {isa = PBXBuildFile; fileRef = F773EC3E2EA28EB500782D69 /* AlarmKit.framework */; settings = {ATTRIBUTES = (Weak, ); }; };
		F773EC492EA2957D00782D69 /* WidgetKit.framework in Frameworks */ = {isa = PBXBuildFile; fileRef = F773EC482EA2957D00782D69 /* WidgetKit.framework */; };
		F773EC4B2EA2957D00782D69 /* SwiftUI.framework in Frameworks */ = {isa = PBXBuildFile; fileRef = F773EC4A2EA2957D00782D69 /* SwiftUI.framework */; };
		F773EC5C2EA2957F00782D69 /* SimpofocuswidgetExtension.appex in Embed Foundation Extensions */ = {isa = PBXBuildFile; fileRef = F773EC472EA2957D00782D69 /* SimpofocuswidgetExtension.appex */; settings = {ATTRIBUTES = (RemoveHeadersOnCopy, ); }; };
/* End PBXBuildFile section */

/* Begin PBXContainerItemProxy section */
		F72C95E52E8EDEAD004EDAEF /* PBXContainerItemProxy */ = {
			isa = PBXContainerItemProxy;
			containerPortal = F72C95CF2E8EDEAA004EDAEF /* Project object */;
			proxyType = 1;
			remoteGlobalIDString = F72C95D62E8EDEAA004EDAEF;
			remoteInfo = forest;
		};
		F72C95EF2E8EDEAD004EDAEF /* PBXContainerItemProxy */ = {
			isa = PBXContainerItemProxy;
			containerPortal = F72C95CF2E8EDEAA004EDAEF /* Project object */;
			proxyType = 1;
			remoteGlobalIDString = F72C95D62E8EDEAA004EDAEF;
			remoteInfo = forest;
		};
		F773EC5A2EA2957F00782D69 /* PBXContainerItemProxy */ = {
			isa = PBXContainerItemProxy;
			containerPortal = F72C95CF2E8EDEAA004EDAEF /* Project object */;
			proxyType = 1;
			remoteGlobalIDString = F773EC462EA2957D00782D69;
			remoteInfo = SimpofocuswidgetExtension;
		};
/* End PBXContainerItemProxy section */

/* Begin PBXCopyFilesBuildPhase section */
		F773EC612EA2957F00782D69 /* Embed Foundation Extensions */ = {
			isa = PBXCopyFilesBuildPhase;
			buildActionMask = 2147483647;
			dstPath = "";
			dstSubfolderSpec = 13;
			files = (
				F773EC5C2EA2957F00782D69 /* SimpofocuswidgetExtension.appex in Embed Foundation Extensions */,
			);
			name = "Embed Foundation Extensions";
			runOnlyForDeploymentPostprocessing = 0;
		};
/* End PBXCopyFilesBuildPhase section */

/* Begin PBXFileReference section */
		F72C95D72E8EDEAA004EDAEF /* forest.app */ = {isa = PBXFileReference; explicitFileType = wrapper.application; includeInIndex = 0; path = forest.app; sourceTree = BUILT_PRODUCTS_DIR; };
		F72C95E42E8EDEAD004EDAEF /* forestTests.xctest */ = {isa = PBXFileReference; explicitFileType = wrapper.cfbundle; includeInIndex = 0; path = forestTests.xctest; sourceTree = BUILT_PRODUCTS_DIR; };
		F72C95EE2E8EDEAD004EDAEF /* forestUITests.xctest */ = {isa = PBXFileReference; explicitFileType = wrapper.cfbundle; includeInIndex = 0; path = forestUITests.xctest; sourceTree = BUILT_PRODUCTS_DIR; };
		F773EC3E2EA28EB500782D69 /* AlarmKit.framework */ = {isa = PBXFileReference; lastKnownFileType = wrapper.framework; name = AlarmKit.framework; path = System/Library/Frameworks/AlarmKit.framework; sourceTree = SDKROOT; };
		F773EC472EA2957D00782D69 /* SimpofocuswidgetExtension.appex */ = {isa = PBXFileReference; explicitFileType = "wrapper.app-extension"; includeInIndex = 0; path = SimpofocuswidgetExtension.appex; sourceTree = BUILT_PRODUCTS_DIR; };
		F773EC482EA2957D00782D69 /* WidgetKit.framework */ = {isa = PBXFileReference; lastKnownFileType = wrapper.framework; name = WidgetKit.framework; path = System/Library/Frameworks/WidgetKit.framework; sourceTree = SDKROOT; };
		F773EC4A2EA2957D00782D69 /* SwiftUI.framework */ = {isa = PBXFileReference; lastKnownFileType = wrapper.framework; name = SwiftUI.framework; path = System/Library/Frameworks/SwiftUI.framework; sourceTree = SDKROOT; };
		F7983DB02EA2A7540035488C /* SimpofocuswidgetExtension.entitlements */ = {isa = PBXFileReference; lastKnownFileType = text.plist.entitlements; path = SimpofocuswidgetExtension.entitlements; sourceTree = "<group>"; };
/* End PBXFileReference section */

/* Begin PBXFileSystemSynchronizedBuildFileExceptionSet section */
		F74F4E132E912590000715CE /* Exceptions for "forest" folder in "forest" target */ = {
			isa = PBXFileSystemSynchronizedBuildFileExceptionSet;
			membershipExceptions = (
				Info.plist,
			);
			target = F72C95D62E8EDEAA004EDAEF /* forest */;
		};
		F773EC602EA2957F00782D69 /* Exceptions for "Simpofocuswidget" folder in "SimpofocuswidgetExtension" target */ = {
			isa = PBXFileSystemSynchronizedBuildFileExceptionSet;
			membershipExceptions = (
				Info.plist,
			);
			target = F773EC462EA2957D00782D69 /* SimpofocuswidgetExtension */;
		};
/* End PBXFileSystemSynchronizedBuildFileExceptionSet section */

/* Begin PBXFileSystemSynchronizedRootGroup section */
		F72C95D92E8EDEAA004EDAEF /* forest */ = {
			isa = PBXFileSystemSynchronizedRootGroup;
			exceptions = (
				F74F4E132E912590000715CE /* Exceptions for "forest" folder in "forest" target */,
			);
			path = forest;
			sourceTree = "<group>";
		};
		F72C95E72E8EDEAD004EDAEF /* forestTests */ = {
			isa = PBXFileSystemSynchronizedRootGroup;
			path = forestTests;
			sourceTree = "<group>";
		};
		F72C95F12E8EDEAD004EDAEF /* forestUITests */ = {
			isa = PBXFileSystemSynchronizedRootGroup;
			path = forestUITests;
			sourceTree = "<group>";
		};
		F773EC4C2EA2957D00782D69 /* Simpofocuswidget */ = {
			isa = PBXFileSystemSynchronizedRootGroup;
			exceptions = (
				F773EC602EA2957F00782D69 /* Exceptions for "Simpofocuswidget" folder in "SimpofocuswidgetExtension" target */,
			);
			path = Simpofocuswidget;
			sourceTree = "<group>";
		};
/* End PBXFileSystemSynchronizedRootGroup section */

/* Begin PBXFrameworksBuildPhase section */
		F72C95D42E8EDEAA004EDAEF /* Frameworks */ = {
			isa = PBXFrameworksBuildPhase;
			buildActionMask = 2147483647;
			files = (
				F773EC3F2EA28EB600782D69 /* AlarmKit.framework in Frameworks */,
			);
			runOnlyForDeploymentPostprocessing = 0;
		};
		F72C95E12E8EDEAD004EDAEF /* Frameworks */ = {
			isa = PBXFrameworksBuildPhase;
			buildActionMask = 2147483647;
			files = (
			);
			runOnlyForDeploymentPostprocessing = 0;
		};
		F72C95EB2E8EDEAD004EDAEF /* Frameworks */ = {
			isa = PBXFrameworksBuildPhase;
			buildActionMask = 2147483647;
			files = (
			);
			runOnlyForDeploymentPostprocessing = 0;
		};
		F773EC442EA2957D00782D69 /* Frameworks */ = {
			isa = PBXFrameworksBuildPhase;
			buildActionMask = 2147483647;
			files = (
				F773EC4B2EA2957D00782D69 /* SwiftUI.framework in Frameworks */,
				F773EC492EA2957D00782D69 /* WidgetKit.framework in Frameworks */,
			);
			runOnlyForDeploymentPostprocessing = 0;
		};
/* End PBXFrameworksBuildPhase section */

/* Begin PBXGroup section */
		F72C95CE2E8EDEAA004EDAEF = {
			isa = PBXGroup;
			children = (
				F7983DB02EA2A7540035488C /* SimpofocuswidgetExtension.entitlements */,
				F72C95D92E8EDEAA004EDAEF /* forest */,
				F72C95E72E8EDEAD004EDAEF /* forestTests */,
				F72C95F12E8EDEAD004EDAEF /* forestUITests */,
				F773EC4C2EA2957D00782D69 /* Simpofocuswidget */,
				F773EC3D2EA28EB500782D69 /* Frameworks */,
				F72C95D82E8EDEAA004EDAEF /* Products */,
			);
			sourceTree = "<group>";
		};
		F72C95D82E8EDEAA004EDAEF /* Products */ = {
			isa = PBXGroup;
			children = (
				F72C95D72E8EDEAA004EDAEF /* forest.app */,
				F72C95E42E8EDEAD004EDAEF /* forestTests.xctest */,
				F72C95EE2E8EDEAD004EDAEF /* forestUITests.xctest */,
				F773EC472EA2957D00782D69 /* SimpofocuswidgetExtension.appex */,
			);
			name = Products;
			sourceTree = "<group>";
		};
		F773EC3D2EA28EB500782D69 /* Frameworks */ = {
			isa = PBXGroup;
			children = (
				F773EC3E2EA28EB500782D69 /* AlarmKit.framework */,
				F773EC482EA2957D00782D69 /* WidgetKit.framework */,
				F773EC4A2EA2957D00782D69 /* SwiftUI.framework */,
			);
			name = Frameworks;
			sourceTree = "<group>";
		};
/* End PBXGroup section */

/* Begin PBXNativeTarget section */
		F72C95D62E8EDEAA004EDAEF /* forest */ = {
			isa = PBXNativeTarget;
			buildConfigurationList = F72C95F82E8EDEAD004EDAEF /* Build configuration list for PBXNativeTarget "forest" */;
			buildPhases = (
				F72C95D32E8EDEAA004EDAEF /* Sources */,
				F72C95D42E8EDEAA004EDAEF /* Frameworks */,
				F72C95D52E8EDEAA004EDAEF /* Resources */,
				F773EC612EA2957F00782D69 /* Embed Foundation Extensions */,
			);
			buildRules = (
			);
			dependencies = (
				F773EC5B2EA2957F00782D69 /* PBXTargetDependency */,
			);
			fileSystemSynchronizedGroups = (
				F72C95D92E8EDEAA004EDAEF /* forest */,
			);
			name = forest;
			packageProductDependencies = (
			);
			productName = forest;
			productReference = F72C95D72E8EDEAA004EDAEF /* forest.app */;
			productType = "com.apple.product-type.application";
		};
		F72C95E32E8EDEAD004EDAEF /* forestTests */ = {
			isa = PBXNativeTarget;
			buildConfigurationList = F72C95FB2E8EDEAD004EDAEF /* Build configuration list for PBXNativeTarget "forestTests" */;
			buildPhases = (
				F72C95E02E8EDEAD004EDAEF /* Sources */,
				F72C95E12E8EDEAD004EDAEF /* Frameworks */,
				F72C95E22E8EDEAD004EDAEF /* Resources */,
			);
			buildRules = (
			);
			dependencies = (
				F72C95E62E8EDEAD004EDAEF /* PBXTargetDependency */,
			);
			fileSystemSynchronizedGroups = (
				F72C95E72E8EDEAD004EDAEF /* forestTests */,
			);
			name = forestTests;
			packageProductDependencies = (
			);
			productName = forestTests;
			productReference = F72C95E42E8EDEAD004EDAEF /* forestTests.xctest */;
			productType = "com.apple.product-type.bundle.unit-test";
		};
		F72C95ED2E8EDEAD004EDAEF /* forestUITests */ = {
			isa = PBXNativeTarget;
			buildConfigurationList = F72C95FE2E8EDEAD004EDAEF /* Build configuration list for PBXNativeTarget "forestUITests" */;
			buildPhases = (
				F72C95EA2E8EDEAD004EDAEF /* Sources */,
				F72C95EB2E8EDEAD004EDAEF /* Frameworks */,
				F72C95EC2E8EDEAD004EDAEF /* Resources */,
			);
			buildRules = (
			);
			dependencies = (
				F72C95F02E8EDEAD004EDAEF /* PBXTargetDependency */,
			);
			fileSystemSynchronizedGroups = (
				F72C95F12E8EDEAD004EDAEF /* forestUITests */,
			);
			name = forestUITests;
			packageProductDependencies = (
			);
			productName = forestUITests;
			productReference = F72C95EE2E8EDEAD004EDAEF /* forestUITests.xctest */;
			productType = "com.apple.product-type.bundle.ui-testing";
		};
		F773EC462EA2957D00782D69 /* SimpofocuswidgetExtension */ = {
			isa = PBXNativeTarget;
			buildConfigurationList = F773EC5D2EA2957F00782D69 /* Build configuration list for PBXNativeTarget "SimpofocuswidgetExtension" */;
			buildPhases = (
				F773EC432EA2957D00782D69 /* Sources */,
				F773EC442EA2957D00782D69 /* Frameworks */,
				F773EC452EA2957D00782D69 /* Resources */,
			);
			buildRules = (
			);
			dependencies = (
			);
			fileSystemSynchronizedGroups = (
				F773EC4C2EA2957D00782D69 /* Simpofocuswidget */,
			);
			name = SimpofocuswidgetExtension;
			packageProductDependencies = (
			);
			productName = SimpofocuswidgetExtension;
			productReference = F773EC472EA2957D00782D69 /* SimpofocuswidgetExtension.appex */;
			productType = "com.apple.product-type.app-extension";
		};
/* End PBXNativeTarget section */

/* Begin PBXProject section */
		F72C95CF2E8EDEAA004EDAEF /* Project object */ = {
			isa = PBXProject;
			attributes = {
				BuildIndependentTargetsInParallel = 1;
				LastSwiftUpdateCheck = 2600;
				LastUpgradeCheck = 2600;
				TargetAttributes = {
					F72C95D62E8EDEAA004EDAEF = {
						CreatedOnToolsVersion = 16.4;
					};
					F72C95E32E8EDEAD004EDAEF = {
						CreatedOnToolsVersion = 16.4;
						TestTargetID = F72C95D62E8EDEAA004EDAEF;
					};
					F72C95ED2E8EDEAD004EDAEF = {
						CreatedOnToolsVersion = 16.4;
						TestTargetID = F72C95D62E8EDEAA004EDAEF;
					};
					F773EC462EA2957D00782D69 = {
						CreatedOnToolsVersion = 26.0.1;
					};
				};
			};
			buildConfigurationList = F72C95D22E8EDEAA004EDAEF /* Build configuration list for PBXProject "forest" */;
			developmentRegion = en;
			hasScannedForEncodings = 0;
			knownRegions = (
				en,
				Base,
			);
			mainGroup = F72C95CE2E8EDEAA004EDAEF;
			minimizedProjectReferenceProxies = 1;
			preferredProjectObjectVersion = 77;
			productRefGroup = F72C95D82E8EDEAA004EDAEF /* Products */;
			projectDirPath = "";
			projectRoot = "";
			targets = (
				F72C95D62E8EDEAA004EDAEF /* forest */,
				F72C95E32E8EDEAD004EDAEF /* forestTests */,
				F72C95ED2E8EDEAD004EDAEF /* forestUITests */,
				F773EC462EA2957D00782D69 /* SimpofocuswidgetExtension */,
			);
		};
/* End PBXProject section */

/* Begin PBXResourcesBuildPhase section */
		F72C95D52E8EDEAA004EDAEF /* Resources */ = {
			isa = PBXResourcesBuildPhase;
			buildActionMask = 2147483647;
			files = (
			);
			runOnlyForDeploymentPostprocessing = 0;
		};
		F72C95E22E8EDEAD004EDAEF /* Resources */ = {
			isa = PBXResourcesBuildPhase;
			buildActionMask = 2147483647;
			files = (
			);
			runOnlyForDeploymentPostprocessing = 0;
		};
		F72C95EC2E8EDEAD004EDAEF /* Resources */ = {
			isa = PBXResourcesBuildPhase;
			buildActionMask = 2147483647;
			files = (
			);
			runOnlyForDeploymentPostprocessing = 0;
		};
		F773EC452EA2957D00782D69 /* Resources */ = {
			isa = PBXResourcesBuildPhase;
			buildActionMask = 2147483647;
			files = (
			);
			runOnlyForDeploymentPostprocessing = 0;
		};
/* End PBXResourcesBuildPhase section */

/* Begin PBXSourcesBuildPhase section */
		F72C95D32E8EDEAA004EDAEF /* Sources */ = {
			isa = PBXSourcesBuildPhase;
			buildActionMask = 2147483647;
			files = (
			);
			runOnlyForDeploymentPostprocessing = 0;
		};
		F72C95E02E8EDEAD004EDAEF /* Sources */ = {
			isa = PBXSourcesBuildPhase;
			buildActionMask = 2147483647;
			files = (
			);
			runOnlyForDeploymentPostprocessing = 0;
		};
		F72C95EA2E8EDEAD004EDAEF /* Sources */ = {
			isa = PBXSourcesBuildPhase;
			buildActionMask = 2147483647;
			files = (
			);
			runOnlyForDeploymentPostprocessing = 0;
		};
		F773EC432EA2957D00782D69 /* Sources */ = {
			isa = PBXSourcesBuildPhase;
			buildActionMask = 2147483647;
			files = (
			);
			runOnlyForDeploymentPostprocessing = 0;
		};
/* End PBXSourcesBuildPhase section */

/* Begin PBXTargetDependency section */
		F72C95E62E8EDEAD004EDAEF /* PBXTargetDependency */ = {
			isa = PBXTargetDependency;
			target = F72C95D62E8EDEAA004EDAEF /* forest */;
			targetProxy = F72C95E52E8EDEAD004EDAEF /* PBXContainerItemProxy */;
		};
		F72C95F02E8EDEAD004EDAEF /* PBXTargetDependency */ = {
			isa = PBXTargetDependency;
			target = F72C95D62E8EDEAA004EDAEF /* forest */;
			targetProxy = F72C95EF2E8EDEAD004EDAEF /* PBXContainerItemProxy */;
		};
		F773EC5B2EA2957F00782D69 /* PBXTargetDependency */ = {
			isa = PBXTargetDependency;
			target = F773EC462EA2957D00782D69 /* SimpofocuswidgetExtension */;
			targetProxy = F773EC5A2EA2957F00782D69 /* PBXContainerItemProxy */;
		};
/* End PBXTargetDependency section */

/* Begin XCBuildConfiguration section */
		F72C95F62E8EDEAD004EDAEF /* Debug */ = {
			isa = XCBuildConfiguration;
			buildSettings = {
				ALWAYS_SEARCH_USER_PATHS = NO;
				ASSETCATALOG_COMPILER_GENERATE_SWIFT_ASSET_SYMBOL_EXTENSIONS = YES;
				CLANG_ANALYZER_NONNULL = YES;
				CLANG_ANALYZER_NUMBER_OBJECT_CONVERSION = YES_AGGRESSIVE;
				CLANG_CXX_LANGUAGE_STANDARD = "gnu++20";
				CLANG_ENABLE_MODULES = YES;
				CLANG_ENABLE_OBJC_ARC = YES;
				CLANG_ENABLE_OBJC_WEAK = YES;
				CLANG_WARN_BLOCK_CAPTURE_AUTORELEASING = YES;
				CLANG_WARN_BOOL_CONVERSION = YES;
				CLANG_WARN_COMMA = YES;
				CLANG_WARN_CONSTANT_CONVERSION = YES;
				CLANG_WARN_DEPRECATED_OBJC_IMPLEMENTATIONS = YES;
				CLANG_WARN_DIRECT_OBJC_ISA_USAGE = YES_ERROR;
				CLANG_WARN_DOCUMENTATION_COMMENTS = YES;
				CLANG_WARN_EMPTY_BODY = YES;
				CLANG_WARN_ENUM_CONVERSION = YES;
				CLANG_WARN_INFINITE_RECURSION = YES;
				CLANG_WARN_INT_CONVERSION = YES;
				CLANG_WARN_NON_LITERAL_NULL_CONVERSION = YES;
				CLANG_WARN_OBJC_IMPLICIT_RETAIN_SELF = YES;
				CLANG_WARN_OBJC_LITERAL_CONVERSION = YES;
				CLANG_WARN_OBJC_ROOT_CLASS = YES_ERROR;
				CLANG_WARN_QUOTED_INCLUDE_IN_FRAMEWORK_HEADER = YES;
				CLANG_WARN_RANGE_LOOP_ANALYSIS = YES;
				CLANG_WARN_STRICT_PROTOTYPES = YES;
				CLANG_WARN_SUSPICIOUS_MOVE = YES;
				CLANG_WARN_UNGUARDED_AVAILABILITY = YES_AGGRESSIVE;
				CLANG_WARN_UNREACHABLE_CODE = YES;
				CLANG_WARN__DUPLICATE_METHOD_MATCH = YES;
				COPY_PHASE_STRIP = NO;
				DEBUG_INFORMATION_FORMAT = dwarf;
				DEVELOPMENT_TEAM = C3CEL28K79;
				ENABLE_STRICT_OBJC_MSGSEND = YES;
				ENABLE_TESTABILITY = YES;
				ENABLE_USER_SCRIPT_SANDBOXING = YES;
				GCC_C_LANGUAGE_STANDARD = gnu17;
				GCC_DYNAMIC_NO_PIC = NO;
				GCC_NO_COMMON_BLOCKS = YES;
				GCC_OPTIMIZATION_LEVEL = 0;
				GCC_PREPROCESSOR_DEFINITIONS = (
					"DEBUG=1",
					"$(inherited)",
				);
				GCC_WARN_64_TO_32_BIT_CONVERSION = YES;
				GCC_WARN_ABOUT_RETURN_TYPE = YES_ERROR;
				GCC_WARN_UNDECLARED_SELECTOR = YES;
				GCC_WARN_UNINITIALIZED_AUTOS = YES_AGGRESSIVE;
				GCC_WARN_UNUSED_FUNCTION = YES;
				GCC_WARN_UNUSED_VARIABLE = YES;
				IPHONEOS_DEPLOYMENT_TARGET = 18.5;
				LOCALIZATION_PREFERS_STRING_CATALOGS = YES;
				MTL_ENABLE_DEBUG_INFO = INCLUDE_SOURCE;
				MTL_FAST_MATH = YES;
				ONLY_ACTIVE_ARCH = YES;
				SDKROOT = iphoneos;
				STRING_CATALOG_GENERATE_SYMBOLS = YES;
				SWIFT_ACTIVE_COMPILATION_CONDITIONS = "DEBUG $(inherited)";
				SWIFT_OPTIMIZATION_LEVEL = "-Onone";
			};
			name = Debug;
		};
		F72C95F72E8EDEAD004EDAEF /* Release */ = {
			isa = XCBuildConfiguration;
			buildSettings = {
				ALWAYS_SEARCH_USER_PATHS = NO;
				ASSETCATALOG_COMPILER_GENERATE_SWIFT_ASSET_SYMBOL_EXTENSIONS = YES;
				CLANG_ANALYZER_NONNULL = YES;
				CLANG_ANALYZER_NUMBER_OBJECT_CONVERSION = YES_AGGRESSIVE;
				CLANG_CXX_LANGUAGE_STANDARD = "gnu++20";
				CLANG_ENABLE_MODULES = YES;
				CLANG_ENABLE_OBJC_ARC = YES;
				CLANG_ENABLE_OBJC_WEAK = YES;
				CLANG_WARN_BLOCK_CAPTURE_AUTORELEASING = YES;
				CLANG_WARN_BOOL_CONVERSION = YES;
				CLANG_WARN_COMMA = YES;
				CLANG_WARN_CONSTANT_CONVERSION = YES;
				CLANG_WARN_DEPRECATED_OBJC_IMPLEMENTATIONS = YES;
				CLANG_WARN_DIRECT_OBJC_ISA_USAGE = YES_ERROR;
				CLANG_WARN_DOCUMENTATION_COMMENTS = YES;
				CLANG_WARN_EMPTY_BODY = YES;
				CLANG_WARN_ENUM_CONVERSION = YES;
				CLANG_WARN_INFINITE_RECURSION = YES;
				CLANG_WARN_INT_CONVERSION = YES;
				CLANG_WARN_NON_LITERAL_NULL_CONVERSION = YES;
				CLANG_WARN_OBJC_IMPLICIT_RETAIN_SELF = YES;
				CLANG_WARN_OBJC_LITERAL_CONVERSION = YES;
				CLANG_WARN_OBJC_ROOT_CLASS = YES_ERROR;
				CLANG_WARN_QUOTED_INCLUDE_IN_FRAMEWORK_HEADER = YES;
				CLANG_WARN_RANGE_LOOP_ANALYSIS = YES;
				CLANG_WARN_STRICT_PROTOTYPES = YES;
				CLANG_WARN_SUSPICIOUS_MOVE = YES;
				CLANG_WARN_UNGUARDED_AVAILABILITY = YES_AGGRESSIVE;
				CLANG_WARN_UNREACHABLE_CODE = YES;
				CLANG_WARN__DUPLICATE_METHOD_MATCH = YES;
				COPY_PHASE_STRIP = NO;
				DEBUG_INFORMATION_FORMAT = "dwarf-with-dsym";
				DEVELOPMENT_TEAM = C3CEL28K79;
				ENABLE_NS_ASSERTIONS = NO;
				ENABLE_STRICT_OBJC_MSGSEND = YES;
				ENABLE_USER_SCRIPT_SANDBOXING = YES;
				GCC_C_LANGUAGE_STANDARD = gnu17;
				GCC_NO_COMMON_BLOCKS = YES;
				GCC_WARN_64_TO_32_BIT_CONVERSION = YES;
				GCC_WARN_ABOUT_RETURN_TYPE = YES_ERROR;
				GCC_WARN_UNDECLARED_SELECTOR = YES;
				GCC_WARN_UNINITIALIZED_AUTOS = YES_AGGRESSIVE;
				GCC_WARN_UNUSED_FUNCTION = YES;
				GCC_WARN_UNUSED_VARIABLE = YES;
				IPHONEOS_DEPLOYMENT_TARGET = 18.5;
				LOCALIZATION_PREFERS_STRING_CATALOGS = YES;
				MTL_ENABLE_DEBUG_INFO = NO;
				MTL_FAST_MATH = YES;
				SDKROOT = iphoneos;
				STRING_CATALOG_GENERATE_SYMBOLS = YES;
				SWIFT_COMPILATION_MODE = wholemodule;
				VALIDATE_PRODUCT = YES;
			};
			name = Release;
		};
		F72C95F92E8EDEAD004EDAEF /* Debug */ = {
			isa = XCBuildConfiguration;
			buildSettings = {
				ASSETCATALOG_COMPILER_APPICON_NAME = AppIcon;
				ASSETCATALOG_COMPILER_GLOBAL_ACCENT_COLOR_NAME = AccentColor;
				ASSETCATALOG_COMPILER_INCLUDE_ALL_APPICON_ASSETS = NO;
				CODE_SIGN_ENTITLEMENTS = forest/forest.entitlements;
				CODE_SIGN_STYLE = Automatic;
				CURRENT_PROJECT_VERSION = 1;
				DEVELOPMENT_TEAM = C3CEL28K79;
				ENABLE_PREVIEWS = YES;
				GENERATE_INFOPLIST_FILE = YES;
				INFOPLIST_FILE = forest/Info.plist;
				INFOPLIST_KEY_CFBundleDisplayName = SimpoFocus;
				INFOPLIST_KEY_LSApplicationCategoryType = "public.app-category.productivity";
				INFOPLIST_KEY_UIApplicationSupportsIndirectInputEvents = YES;
				INFOPLIST_KEY_UIRequiredDeviceCapabilities = armv7;
				INFOPLIST_KEY_UIRequiresFullScreen = YES;
				INFOPLIST_KEY_UIStatusBarHidden = YES;
				INFOPLIST_KEY_UIStatusBarStyle = UIStatusBarStyleBlackTranslucent;
				INFOPLIST_KEY_UISupportedInterfaceOrientations = "UIInterfaceOrientationPortrait UIInterfaceOrientationPortraitUpsideDown";
				INFOPLIST_KEY_UISupportedInterfaceOrientations_iPad = "UIInterfaceOrientationLandscapeLeft UIInterfaceOrientationLandscapeRight UIInterfaceOrientationPortrait UIInterfaceOrientationPortraitUpsideDown";
				IPHONEOS_DEPLOYMENT_TARGET = 18.0;
				LD_RUNPATH_SEARCH_PATHS = (
					"$(inherited)",
					"@executable_path/Frameworks",
				);
				MARKETING_VERSION = 1.1;
				PRODUCT_BUNDLE_IDENTIFIER = com.efeturkel.simpoapp;
				PRODUCT_NAME = "$(TARGET_NAME)";
				SUPPORTED_PLATFORMS = "iphoneos iphonesimulator";
				SUPPORTS_MACCATALYST = NO;
				SUPPORTS_MAC_DESIGNED_FOR_IPHONE_IPAD = NO;
				SUPPORTS_XR_DESIGNED_FOR_IPHONE_IPAD = NO;
				SWIFT_EMIT_LOC_STRINGS = YES;
				SWIFT_VERSION = 5.0;
				TARGETED_DEVICE_FAMILY = "1,2";
			};
			name = Debug;
		};
		F72C95FA2E8EDEAD004EDAEF /* Release */ = {
			isa = XCBuildConfiguration;
			buildSettings = {
				ASSETCATALOG_COMPILER_APPICON_NAME = AppIcon;
				ASSETCATALOG_COMPILER_GLOBAL_ACCENT_COLOR_NAME = AccentColor;
				ASSETCATALOG_COMPILER_INCLUDE_ALL_APPICON_ASSETS = NO;
				CODE_SIGN_ENTITLEMENTS = forest/forest.entitlements;
				CODE_SIGN_STYLE = Automatic;
				CURRENT_PROJECT_VERSION = 1;
				DEVELOPMENT_TEAM = C3CEL28K79;
				ENABLE_PREVIEWS = YES;
				GENERATE_INFOPLIST_FILE = YES;
				INFOPLIST_FILE = forest/Info.plist;
				INFOPLIST_KEY_CFBundleDisplayName = SimpoFocus;
				INFOPLIST_KEY_LSApplicationCategoryType = "public.app-category.productivity";
				INFOPLIST_KEY_UIApplicationSupportsIndirectInputEvents = YES;
				INFOPLIST_KEY_UIRequiredDeviceCapabilities = armv7;
				INFOPLIST_KEY_UIRequiresFullScreen = YES;
				INFOPLIST_KEY_UIStatusBarHidden = YES;
				INFOPLIST_KEY_UIStatusBarStyle = UIStatusBarStyleBlackTranslucent;
				INFOPLIST_KEY_UISupportedInterfaceOrientations = "UIInterfaceOrientationPortrait UIInterfaceOrientationPortraitUpsideDown";
				INFOPLIST_KEY_UISupportedInterfaceOrientations_iPad = "UIInterfaceOrientationLandscapeLeft UIInterfaceOrientationLandscapeRight UIInterfaceOrientationPortrait UIInterfaceOrientationPortraitUpsideDown";
				IPHONEOS_DEPLOYMENT_TARGET = 18.0;
				LD_RUNPATH_SEARCH_PATHS = (
					"$(inherited)",
					"@executable_path/Frameworks",
				);
				MARKETING_VERSION = 1.1;
				PRODUCT_BUNDLE_IDENTIFIER = com.efeturkel.simpoapp;
				PRODUCT_NAME = "$(TARGET_NAME)";
				SUPPORTED_PLATFORMS = "iphoneos iphonesimulator";
				SUPPORTS_MACCATALYST = NO;
				SUPPORTS_MAC_DESIGNED_FOR_IPHONE_IPAD = NO;
				SUPPORTS_XR_DESIGNED_FOR_IPHONE_IPAD = NO;
				SWIFT_EMIT_LOC_STRINGS = YES;
				SWIFT_VERSION = 5.0;
				TARGETED_DEVICE_FAMILY = "1,2";
			};
			name = Release;
		};
		F72C95FC2E8EDEAD004EDAEF /* Debug */ = {
			isa = XCBuildConfiguration;
			buildSettings = {
				BUNDLE_LOADER = "$(TEST_HOST)";
				CODE_SIGN_STYLE = Automatic;
				CURRENT_PROJECT_VERSION = 1;
				DEVELOPMENT_TEAM = C3CEL28K79;
				GENERATE_INFOPLIST_FILE = YES;
				IPHONEOS_DEPLOYMENT_TARGET = 18.5;
				MARKETING_VERSION = 1.1;
				PRODUCT_BUNDLE_IDENTIFIER = Efetu.forestTests;
				PRODUCT_NAME = "$(TARGET_NAME)";
				SWIFT_EMIT_LOC_STRINGS = NO;
				SWIFT_VERSION = 5.0;
				TARGETED_DEVICE_FAMILY = "1,2";
				TEST_HOST = "$(BUILT_PRODUCTS_DIR)/forest.app/$(BUNDLE_EXECUTABLE_FOLDER_PATH)/forest";
			};
			name = Debug;
		};
		F72C95FD2E8EDEAD004EDAEF /* Release */ = {
			isa = XCBuildConfiguration;
			buildSettings = {
				BUNDLE_LOADER = "$(TEST_HOST)";
				CODE_SIGN_STYLE = Automatic;
				CURRENT_PROJECT_VERSION = 1;
				DEVELOPMENT_TEAM = C3CEL28K79;
				GENERATE_INFOPLIST_FILE = YES;
				IPHONEOS_DEPLOYMENT_TARGET = 18.5;
				MARKETING_VERSION = 1.1;
				PRODUCT_BUNDLE_IDENTIFIER = Efetu.forestTests;
				PRODUCT_NAME = "$(TARGET_NAME)";
				SWIFT_EMIT_LOC_STRINGS = NO;
				SWIFT_VERSION = 5.0;
				TARGETED_DEVICE_FAMILY = "1,2";
				TEST_HOST = "$(BUILT_PRODUCTS_DIR)/forest.app/$(BUNDLE_EXECUTABLE_FOLDER_PATH)/forest";
			};
			name = Release;
		};
		F72C95FF2E8EDEAD004EDAEF /* Debug */ = {
			isa = XCBuildConfiguration;
			buildSettings = {
				CODE_SIGN_STYLE = Automatic;
				CURRENT_PROJECT_VERSION = 1;
				DEVELOPMENT_TEAM = C3CEL28K79;
				GENERATE_INFOPLIST_FILE = YES;
				MARKETING_VERSION = 1.1;
				PRODUCT_BUNDLE_IDENTIFIER = Efetu.forestUITests;
				PRODUCT_NAME = "$(TARGET_NAME)";
				SWIFT_EMIT_LOC_STRINGS = NO;
				SWIFT_VERSION = 5.0;
				TARGETED_DEVICE_FAMILY = "1,2";
				TEST_TARGET_NAME = forest;
			};
			name = Debug;
		};
		F72C96002E8EDEAD004EDAEF /* Release */ = {
			isa = XCBuildConfiguration;
			buildSettings = {
				CODE_SIGN_STYLE = Automatic;
				CURRENT_PROJECT_VERSION = 1;
				DEVELOPMENT_TEAM = C3CEL28K79;
				GENERATE_INFOPLIST_FILE = YES;
				MARKETING_VERSION = 1.1;
				PRODUCT_BUNDLE_IDENTIFIER = Efetu.forestUITests;
				PRODUCT_NAME = "$(TARGET_NAME)";
				SWIFT_EMIT_LOC_STRINGS = NO;
				SWIFT_VERSION = 5.0;
				TARGETED_DEVICE_FAMILY = "1,2";
				TEST_TARGET_NAME = forest;
			};
			name = Release;
		};
		F773EC5E2EA2957F00782D69 /* Debug */ = {
			isa = XCBuildConfiguration;
			buildSettings = {
				ASSETCATALOG_COMPILER_GLOBAL_ACCENT_COLOR_NAME = AccentColor;
				ASSETCATALOG_COMPILER_WIDGET_BACKGROUND_COLOR_NAME = WidgetBackground;
				CODE_SIGN_ENTITLEMENTS = SimpofocuswidgetExtension.entitlements;
				CODE_SIGN_STYLE = Automatic;
				CURRENT_PROJECT_VERSION = 1;
				DEVELOPMENT_TEAM = C3CEL28K79;
				GENERATE_INFOPLIST_FILE = YES;
				INFOPLIST_FILE = Simpofocuswidget/Info.plist;
				INFOPLIST_KEY_CFBundleDisplayName = Simpofocuswidget;
				INFOPLIST_KEY_NSHumanReadableCopyright = "";
				IPHONEOS_DEPLOYMENT_TARGET = 18.6;
				LD_RUNPATH_SEARCH_PATHS = (
					"$(inherited)",
					"@executable_path/Frameworks",
					"@executable_path/../../Frameworks",
				);
				MARKETING_VERSION = 1.1;
				PRODUCT_BUNDLE_IDENTIFIER = com.efeturkel.simpoapp.Simpofocuswidget;
				PRODUCT_NAME = "$(TARGET_NAME)";
				SKIP_INSTALL = YES;
				STRING_CATALOG_GENERATE_SYMBOLS = YES;
				SUPPORTED_PLATFORMS = "iphoneos iphonesimulator";
				SUPPORTS_MACCATALYST = NO;
				SUPPORTS_MAC_DESIGNED_FOR_IPHONE_IPAD = NO;
				SUPPORTS_XR_DESIGNED_FOR_IPHONE_IPAD = NO;
				SWIFT_APPROACHABLE_CONCURRENCY = YES;
				SWIFT_EMIT_LOC_STRINGS = YES;
				SWIFT_UPCOMING_FEATURE_MEMBER_IMPORT_VISIBILITY = YES;
				SWIFT_VERSION = 5.0;
				TARGETED_DEVICE_FAMILY = "1,2";
			};
			name = Debug;
		};
		F773EC5F2EA2957F00782D69 /* Release */ = {
			isa = XCBuildConfiguration;
			buildSettings = {
				ASSETCATALOG_COMPILER_GLOBAL_ACCENT_COLOR_NAME = AccentColor;
				ASSETCATALOG_COMPILER_WIDGET_BACKGROUND_COLOR_NAME = WidgetBackground;
				CODE_SIGN_ENTITLEMENTS = SimpofocuswidgetExtension.entitlements;
				CODE_SIGN_STYLE = Automatic;
				CURRENT_PROJECT_VERSION = 1;
				DEVELOPMENT_TEAM = C3CEL28K79;
				GENERATE_INFOPLIST_FILE = YES;
				INFOPLIST_FILE = Simpofocuswidget/Info.plist;
				INFOPLIST_KEY_CFBundleDisplayName = Simpofocuswidget;
				INFOPLIST_KEY_NSHumanReadableCopyright = "";
				IPHONEOS_DEPLOYMENT_TARGET = 18.6;
				LD_RUNPATH_SEARCH_PATHS = (
					"$(inherited)",
					"@executable_path/Frameworks",
					"@executable_path/../../Frameworks",
				);
				MARKETING_VERSION = 1.1;
				PRODUCT_BUNDLE_IDENTIFIER = com.efeturkel.simpoapp.Simpofocuswidget;
				PRODUCT_NAME = "$(TARGET_NAME)";
				SKIP_INSTALL = YES;
				STRING_CATALOG_GENERATE_SYMBOLS = YES;
				SUPPORTED_PLATFORMS = "iphoneos iphonesimulator";
				SUPPORTS_MACCATALYST = NO;
				SUPPORTS_MAC_DESIGNED_FOR_IPHONE_IPAD = NO;
				SUPPORTS_XR_DESIGNED_FOR_IPHONE_IPAD = NO;
				SWIFT_APPROACHABLE_CONCURRENCY = YES;
				SWIFT_EMIT_LOC_STRINGS = YES;
				SWIFT_UPCOMING_FEATURE_MEMBER_IMPORT_VISIBILITY = YES;
				SWIFT_VERSION = 5.0;
				TARGETED_DEVICE_FAMILY = "1,2";
			};
			name = Release;
		};
/* End XCBuildConfiguration section */

/* Begin XCConfigurationList section */
		F72C95D22E8EDEAA004EDAEF /* Build configuration list for PBXProject "forest" */ = {
			isa = XCConfigurationList;
			buildConfigurations = (
				F72C95F62E8EDEAD004EDAEF /* Debug */,
				F72C95F72E8EDEAD004EDAEF /* Release */,
			);
			defaultConfigurationIsVisible = 0;
			defaultConfigurationName = Release;
		};
		F72C95F82E8EDEAD004EDAEF /* Build configuration list for PBXNativeTarget "forest" */ = {
			isa = XCConfigurationList;
			buildConfigurations = (
				F72C95F92E8EDEAD004EDAEF /* Debug */,
				F72C95FA2E8EDEAD004EDAEF /* Release */,
			);
			defaultConfigurationIsVisible = 0;
			defaultConfigurationName = Release;
		};
		F72C95FB2E8EDEAD004EDAEF /* Build configuration list for PBXNativeTarget "forestTests" */ = {
			isa = XCConfigurationList;
			buildConfigurations = (
				F72C95FC2E8EDEAD004EDAEF /* Debug */,
				F72C95FD2E8EDEAD004EDAEF /* Release */,
			);
			defaultConfigurationIsVisible = 0;
			defaultConfigurationName = Release;
		};
		F72C95FE2E8EDEAD004EDAEF /* Build configuration list for PBXNativeTarget "forestUITests" */ = {
			isa = XCConfigurationList;
			buildConfigurations = (
				F72C95FF2E8EDEAD004EDAEF /* Debug */,
				F72C96002E8EDEAD004EDAEF /* Release */,
			);
			defaultConfigurationIsVisible = 0;
			defaultConfigurationName = Release;
		};
		F773EC5D2EA2957F00782D69 /* Build configuration list for PBXNativeTarget "SimpofocuswidgetExtension" */ = {
			isa = XCConfigurationList;
			buildConfigurations = (
				F773EC5E2EA2957F00782D69 /* Debug */,
				F773EC5F2EA2957F00782D69 /* Release */,
			);
			defaultConfigurationIsVisible = 0;
			defaultConfigurationName = Release;
		};
/* End XCConfigurationList section */
	};
	rootObject = F72C95CF2E8EDEAA004EDAEF /* Project object */;
}
